
Microsoft Visual Studio Solution File, Format Version 11.00
# Visual Studio 2010
Project("{FAE04EC0-301F-11D3-BF4B-00C04F79EFBC}") = "UnityEngine.TestRunner", "UnityEngine.TestRunner.csproj", "{913DF328-DCAA-1A89-0659-91F03ECFB252}"
EndProject
Project("{FAE04EC0-301F-11D3-BF4B-00C04F79EFBC}") = "UnityEngine.UI", "UnityEngine.UI.csproj", "{E04108F6-7355-97CD-9508-92D85ED1DD9D}"
EndProject
Project("{FAE04EC0-301F-11D3-BF4B-00C04F79EFBC}") = "Unity.TextMeshPro", "Unity.TextMeshPro.csproj", "{0166EA89-5AF4-1459-3917-E5812EC151DF}"
EndProject
Project("{FAE04EC0-301F-11D3-BF4B-00C04F79EFBC}") = "Unity.Timeline", "Unity.Timeline.csproj", "{A6A377B5-55B4-9B3F-1A39-AC9986F1CFC7}"
EndProject
Project("{FAE04EC0-301F-11D3-BF4B-00C04F79EFBC}") = "Assembly-CSharp", "Assembly-CSharp.csproj", "{EBC86DF1-054D-F719-A5E6-0BA2C3334501}"
EndProject
Project("{FAE04EC0-301F-11D3-BF4B-00C04F79EFBC}") = "Unity.TextMeshPro.Editor", "Unity.TextMeshPro.Editor.csproj", "{0AF0E73A-DC8D-076D-EC51-B0A38FB217DF}"
EndProject
Project("{FAE04EC0-301F-11D3-BF4B-00C04F79EFBC}") = "Unity.Timeline.Editor", "Unity.Timeline.Editor.csproj", "{C70501D7-C7FE-890A-D913-F1B7DA28C799}"
EndProject
Project("{FAE04EC0-301F-11D3-BF4B-00C04F79EFBC}") = "UnityEditor.TestRunner", "UnityEditor.TestRunner.csproj", "{F8439831-C7B5-0379-8D86-7E39EB5CF910}"
EndProject
Project("{FAE04EC0-301F-11D3-BF4B-00C04F79EFBC}") = "UnityEditor.UI", "UnityEditor.UI.csproj", "{23A0D93A-C6B8-94B5-FDBA-51BD2B497E78}"
EndProject
Project("{FAE04EC0-301F-11D3-BF4B-00C04F79EFBC}") = "Unity.Rider.Editor", "Unity.Rider.Editor.csproj", "{FAB6B0CD-7591-A04B-F78E-6214A393272C}"
EndProject
Project("{FAE04EC0-301F-11D3-BF4B-00C04F79EFBC}") = "Unity.CollabProxy.Editor", "Unity.CollabProxy.Editor.csproj", "{C9E0E1DB-B936-6816-CF52-A6AECECB076A}"
EndProject
Project("{FAE04EC0-301F-11D3-BF4B-00C04F79EFBC}") = "Unity.VSCode.Editor", "Unity.VSCode.Editor.csproj", "{4D5A568C-9A28-C9C1-4A7B-B1487B32177D}"
EndProject
Global
	GlobalSection(SolutionConfigurationPlatforms) = preSolution
		Debug|Any CPU = Debug|Any CPU
		Release|Any CPU = Release|Any CPU
	EndGlobalSection
	GlobalSection(ProjectConfigurationPlatforms) = postSolution
		{913DF328-DCAA-1A89-0659-91F03ECFB252}.Debug|Any CPU.ActiveCfg = Debug|Any CPU
		{913DF328-DCAA-1A89-0659-91F03ECFB252}.Debug|Any CPU.Build.0 = Debug|Any CPU
		{913DF328-DCAA-1A89-0659-91F03ECFB252}.Release|Any CPU.ActiveCfg = Release|Any CPU
		{913DF328-DCAA-1A89-0659-91F03ECFB252}.Release|Any CPU.Build.0 = Release|Any CPU
		{E04108F6-7355-97CD-9508-92D85ED1DD9D}.Debug|Any CPU.ActiveCfg = Debug|Any CPU
		{E04108F6-7355-97CD-9508-92D85ED1DD9D}.Debug|Any CPU.Build.0 = Debug|Any CPU
		{E04108F6-7355-97CD-9508-92D85ED1DD9D}.Release|Any CPU.ActiveCfg = Release|Any CPU
		{E04108F6-7355-97CD-9508-92D85ED1DD9D}.Release|Any CPU.Build.0 = Release|Any CPU
		{0166EA89-5AF4-1459-3917-E5812EC151DF}.Debug|Any CPU.ActiveCfg = Debug|Any CPU
		{0166EA89-5AF4-1459-3917-E5812EC151DF}.Debug|Any CPU.Build.0 = Debug|Any CPU
		{0166EA89-5AF4-1459-3917-E5812EC151DF}.Release|Any CPU.ActiveCfg = Release|Any CPU
		{0166EA89-5AF4-1459-3917-E5812EC151DF}.Release|Any CPU.Build.0 = Release|Any CPU
		{A6A377B5-55B4-9B3F-1A39-AC9986F1CFC7}.Debug|Any CPU.ActiveCfg = Debug|Any CPU
		{A6A377B5-55B4-9B3F-1A39-AC9986F1CFC7}.Debug|Any CPU.Build.0 = Debug|Any CPU
		{A6A377B5-55B4-9B3F-1A39-AC9986F1CFC7}.Release|Any CPU.ActiveCfg = Release|Any CPU
		{A6A377B5-55B4-9B3F-1A39-AC9986F1CFC7}.Release|Any CPU.Build.0 = Release|Any CPU
		{EBC86DF1-054D-F719-A5E6-0BA2C3334501}.Debug|Any CPU.ActiveCfg = Debug|Any CPU
		{EBC86DF1-054D-F719-A5E6-0BA2C3334501}.Debug|Any CPU.Build.0 = Debug|Any CPU
		{EBC86DF1-054D-F719-A5E6-0BA2C3334501}.Release|Any CPU.ActiveCfg = Release|Any CPU
		{EBC86DF1-054D-F719-A5E6-0BA2C3334501}.Release|Any CPU.Build.0 = Release|Any CPU
		{0AF0E73A-DC8D-076D-EC51-B0A38FB217DF}.Debug|Any CPU.ActiveCfg = Debug|Any CPU
		{0AF0E73A-DC8D-076D-EC51-B0A38FB217DF}.Debug|Any CPU.Build.0 = Debug|Any CPU
		{0AF0E73A-DC8D-076D-EC51-B0A38FB217DF}.Release|Any CPU.ActiveCfg = Release|Any CPU
		{0AF0E73A-DC8D-076D-EC51-B0A38FB217DF}.Release|Any CPU.Build.0 = Release|Any CPU
		{C70501D7-C7FE-890A-D913-F1B7DA28C799}.Debug|Any CPU.ActiveCfg = Debug|Any CPU
		{C70501D7-C7FE-890A-D913-F1B7DA28C799}.Debug|Any CPU.Build.0 = Debug|Any CPU
		{C70501D7-C7FE-890A-D913-F1B7DA28C799}.Release|Any CPU.ActiveCfg = Release|Any CPU
		{C70501D7-C7FE-890A-D913-F1B7DA28C799}.Release|Any CPU.Build.0 = Release|Any CPU
		{F8439831-C7B5-0379-8D86-7E39EB5CF910}.Debug|Any CPU.ActiveCfg = Debug|Any CPU
		{F8439831-C7B5-0379-8D86-7E39EB5CF910}.Debug|Any CPU.Build.0 = Debug|Any CPU
		{F8439831-C7B5-0379-8D86-7E39EB5CF910}.Release|Any CPU.ActiveCfg = Release|Any CPU
		{F8439831-C7B5-0379-8D86-7E39EB5CF910}.Release|Any CPU.Build.0 = Release|Any CPU
		{23A0D93A-C6B8-94B5-FDBA-51BD2B497E78}.Debug|Any CPU.ActiveCfg = Debug|Any CPU
		{23A0D93A-C6B8-94B5-FDBA-51BD2B497E78}.Debug|Any CPU.Build.0 = Debug|Any CPU
		{23A0D93A-C6B8-94B5-FDBA-51BD2B497E78}.Release|Any CPU.ActiveCfg = Release|Any CPU
		{23A0D93A-C6B8-94B5-FDBA-51BD2B497E78}.Release|Any CPU.Build.0 = Release|Any CPU
		{FAB6B0CD-7591-A04B-F78E-6214A393272C}.Debug|Any CPU.ActiveCfg = Debug|Any CPU
		{FAB6B0CD-7591-A04B-F78E-6214A393272C}.Debug|Any CPU.Build.0 = Debug|Any CPU
		{FAB6B0CD-7591-A04B-F78E-6214A393272C}.Release|Any CPU.ActiveCfg = Release|Any CPU
		{FAB6B0CD-7591-A04B-F78E-6214A393272C}.Release|Any CPU.Build.0 = Release|Any CPU
		{C9E0E1DB-B936-6816-CF52-A6AECECB076A}.Debug|Any CPU.ActiveCfg = Debug|Any CPU
		{C9E0E1DB-B936-6816-CF52-A6AECECB076A}.Debug|Any CPU.Build.0 = Debug|Any CPU
		{C9E0E1DB-B936-6816-CF52-A6AECECB076A}.Release|Any CPU.ActiveCfg = Release|Any CPU
		{C9E0E1DB-B936-6816-CF52-A6AECECB076A}.Release|Any CPU.Build.0 = Release|Any CPU
		{4D5A568C-9A28-C9C1-4A7B-B1487B32177D}.Debug|Any CPU.ActiveCfg = Debug|Any CPU
		{4D5A568C-9A28-C9C1-4A7B-B1487B32177D}.Debug|Any CPU.Build.0 = Debug|Any CPU
		{4D5A568C-9A28-C9C1-4A7B-B1487B32177D}.Release|Any CPU.ActiveCfg = Release|Any CPU
		{4D5A568C-9A28-C9C1-4A7B-B1487B32177D}.Release|Any CPU.Build.0 = Release|Any CPU
	EndGlobalSection
	GlobalSection(SolutionProperties) = preSolution
		HideSolutionNode = FALSE
	EndGlobalSection
EndGlobal
